
Microsoft Visual Studio Solution File, Format Version 12.00
# Visual Studio Version 17
VisualStudioVersion = 17.7.34024.191
MinimumVisualStudioVersion = 10.0.40219.1
Project("{9A19103F-16F7-4668-BE54-9A1E7A4F7556}") = "LexiconGame.ConsoleGame", "LexiconGame.ConsoleGame\LexiconGame.ConsoleGame.csproj", "{10B48D09-800E-4CF8-9C08-B029BC01BD50}"
EndProject
Project("{9A19103F-16F7-4668-BE54-9A1E7A4F7556}") = "LexiconGame.LimitedList", "LexiconGame.LimitedList\LexiconGame.LimitedList.csproj", "{619A0F53-3B4F-4739-96FE-4FBADB50E667}"
EndProject
Project("{FAE04EC0-301F-11D3-BF4B-00C04F79EFBC}") = "LexionGame.Tests", "LexionGame.Tests\LexionGame.Tests.csproj", "{41BDE283-DB5B-43C6-98E4-18BD412463C0}"
EndProject
Global
	GlobalSection(SolutionConfigurationPlatforms) = preSolution
		Debug|Any CPU = Debug|Any CPU
		Release|Any CPU = Release|Any CPU
	EndGlobalSection
	GlobalSection(ProjectConfigurationPlatforms) = postSolution
		{10B48D09-800E-4CF8-9C08-B029BC01BD50}.Debug|Any CPU.ActiveCfg = Debug|Any CPU
		{10B48D09-800E-4CF8-9C08-B029BC01BD50}.Debug|Any CPU.Build.0 = Debug|Any CPU
		{10B48D09-800E-4CF8-9C08-B029BC01BD50}.Release|Any CPU.ActiveCfg = Release|Any CPU
		{10B48D09-800E-4CF8-9C08-B029BC01BD50}.Release|Any CPU.Build.0 = Release|Any CPU
		{619A0F53-3B4F-4739-96FE-4FBADB50E667}.Debug|Any CPU.ActiveCfg = Debug|Any CPU
		{619A0F53-3B4F-4739-96FE-4FBADB50E667}.Debug|Any CPU.Build.0 = Debug|Any CPU
		{619A0F53-3B4F-4739-96FE-4FBADB50E667}.Release|Any CPU.ActiveCfg = Release|Any CPU
		{619A0F53-3B4F-4739-96FE-4FBADB50E667}.Release|Any CPU.Build.0 = Release|Any CPU
		{41BDE283-DB5B-43C6-98E4-18BD412463C0}.Debug|Any CPU.ActiveCfg = Debug|Any CPU
		{41BDE283-DB5B-43C6-98E4-18BD412463C0}.Debug|Any CPU.Build.0 = Debug|Any CPU
		{41BDE283-DB5B-43C6-98E4-18BD412463C0}.Release|Any CPU.ActiveCfg = Release|Any CPU
		{41BDE283-DB5B-43C6-98E4-18BD412463C0}.Release|Any CPU.Build.0 = Release|Any CPU
	EndGlobalSection
	GlobalSection(SolutionProperties) = preSolution
		HideSolutionNode = FALSE
	EndGlobalSection
	GlobalSection(ExtensibilityGlobals) = postSolution
		SolutionGuid = {AA2C4A89-00BF-4FC5-BFD3-C7AAE34C10C0}
	EndGlobalSection
EndGlobal
